// !$*UTF8*$!
{
	archiveVersion = 1;
	classes = {
	};
	objectVersion = 46;
	objects = {

/* Begin PBXBuildFile section */
		3F86E76C1F5F8C9100DF9010 /* AppDelegate.swift in Sources */ = {isa = PBXBuildFile; fileRef = 3F86E76B1F5F8C9100DF9010 /* AppDelegate.swift */; };
		3F86E76E1F5F8C9100DF9010 /* ViewController.swift in Sources */ = {isa = PBXBuildFile; fileRef = 3F86E76D1F5F8C9100DF9010 /* ViewController.swift */; };
		3F86E7711F5F8C9100DF9010 /* Main.storyboard in Resources */ = {isa = PBXBuildFile; fileRef = 3F86E76F1F5F8C9100DF9010 /* Main.storyboard */; };
		3F86E7731F5F8C9100DF9010 /* Assets.xcassets in Resources */ = {isa = PBXBuildFile; fileRef = 3F86E7721F5F8C9100DF9010 /* Assets.xcassets */; };
		3F86E7761F5F8C9100DF9010 /* LaunchScreen.storyboard in Resources */ = {isa = PBXBuildFile; fileRef = 3F86E7741F5F8C9100DF9010 /* LaunchScreen.storyboard */; };
		3F86E7811F5F8C9100DF9010 /* CalculatorTests.swift in Sources */ = {isa = PBXBuildFile; fileRef = 3F86E7801F5F8C9100DF9010 /* CalculatorTests.swift */; };
		3F86E78C1F5F8C9100DF9010 /* CalculatorUITests.swift in Sources */ = {isa = PBXBuildFile; fileRef = 3F86E78B1F5F8C9100DF9010 /* CalculatorUITests.swift */; };
		3F924F8F1F60A80300066019 /* CalculatorBrain.swift in Sources */ = {isa = PBXBuildFile; fileRef = 3F924F8E1F60A80300066019 /* CalculatorBrain.swift */; };
/* End PBXBuildFile section */

/* Begin PBXContainerItemProxy section */
		3F86E77D1F5F8C9100DF9010 /* PBXContainerItemProxy */ = {
			isa = PBXContainerItemProxy;
			containerPortal = 3F86E7601F5F8C9100DF9010 /* Project object */;
			proxyType = 1;
			remoteGlobalIDString = 3F86E7671F5F8C9100DF9010;
			remoteInfo = Calculator;
		};
		3F86E7881F5F8C9100DF9010 /* PBXContainerItemProxy */ = {
			isa = PBXContainerItemProxy;
			containerPortal = 3F86E7601F5F8C9100DF9010 /* Project object */;
			proxyType = 1;
			remoteGlobalIDString = 3F86E7671F5F8C9100DF9010;
			remoteInfo = Calculator;
		};
/* End PBXContainerItemProxy section */

/* Begin PBXFileReference section */
		3F86E7681F5F8C9100DF9010 /* Calculator.app */ = {isa = PBXFileReference; explicitFileType = wrapper.application; includeInIndex = 0; path = Calculator.app; sourceTree = BUILT_PRODUCTS_DIR; };
		3F86E76B1F5F8C9100DF9010 /* AppDelegate.swift */ = {isa = PBXFileReference; lastKnownFileType = sourcecode.swift; path = AppDelegate.swift; sourceTree = "<group>"; };
		3F86E76D1F5F8C9100DF9010 /* ViewController.swift */ = {isa = PBXFileReference; lastKnownFileType = sourcecode.swift; path = ViewController.swift; sourceTree = "<group>"; };
		3F86E7701F5F8C9100DF9010 /* Base */ = {isa = PBXFileReference; lastKnownFileType = file.storyboard; name = Base; path = Base.lproj/Main.storyboard; sourceTree = "<group>"; };
		3F86E7721F5F8C9100DF9010 /* Assets.xcassets */ = {isa = PBXFileReference; lastKnownFileType = folder.assetcatalog; path = Assets.xcassets; sourceTree = "<group>"; };
		3F86E7751F5F8C9100DF9010 /* Base */ = {isa = PBXFileReference; lastKnownFileType = file.storyboard; name = Base; path = Base.lproj/LaunchScreen.storyboard; sourceTree = "<group>"; };
		3F86E7771F5F8C9100DF9010 /* Info.plist */ = {isa = PBXFileReference; lastKnownFileType = text.plist.xml; path = Info.plist; sourceTree = "<group>"; };
		3F86E77C1F5F8C9100DF9010 /* CalculatorTests.xctest */ = {isa = PBXFileReference; explicitFileType = wrapper.cfbundle; includeInIndex = 0; path = CalculatorTests.xctest; sourceTree = BUILT_PRODUCTS_DIR; };
		3F86E7801F5F8C9100DF9010 /* CalculatorTests.swift */ = {isa = PBXFileReference; lastKnownFileType = sourcecode.swift; path = CalculatorTests.swift; sourceTree = "<group>"; };
		3F86E7821F5F8C9100DF9010 /* Info.plist */ = {isa = PBXFileReference; lastKnownFileType = text.plist.xml; path = Info.plist; sourceTree = "<group>"; };
		3F86E7871F5F8C9100DF9010 /* CalculatorUITests.xctest */ = {isa = PBXFileReference; explicitFileType = wrapper.cfbundle; includeInIndex = 0; path = CalculatorUITests.xctest; sourceTree = BUILT_PRODUCTS_DIR; };
		3F86E78B1F5F8C9100DF9010 /* CalculatorUITests.swift */ = {isa = PBXFileReference; lastKnownFileType = sourcecode.swift; path = CalculatorUITests.swift; sourceTree = "<group>"; };
		3F86E78D1F5F8C9100DF9010 /* Info.plist */ = {isa = PBXFileReference; lastKnownFileType = text.plist.xml; path = Info.plist; sourceTree = "<group>"; };
		3F924F8E1F60A80300066019 /* CalculatorBrain.swift */ = {isa = PBXFileReference; fileEncoding = 4; lastKnownFileType = sourcecode.swift; path = CalculatorBrain.swift; sourceTree = "<group>"; };
/* End PBXFileReference section */

/* Begin PBXFrameworksBuildPhase section */
		3F86E7651F5F8C9100DF9010 /* Frameworks */ = {
			isa = PBXFrameworksBuildPhase;
			buildActionMask = 2147483647;
			files = (
			);
			runOnlyForDeploymentPostprocessing = 0;
		};
		3F86E7791F5F8C9100DF9010 /* Frameworks */ = {
			isa = PBXFrameworksBuildPhase;
			buildActionMask = 2147483647;
			files = (
			);
			runOnlyForDeploymentPostprocessing = 0;
		};
		3F86E7841F5F8C9100DF9010 /* Frameworks */ = {
			isa = PBXFrameworksBuildPhase;
			buildActionMask = 2147483647;
			files = (
			);
			runOnlyForDeploymentPostprocessing = 0;
		};
/* End PBXFrameworksBuildPhase section */

/* Begin PBXGroup section */
		3F86E75F1F5F8C9100DF9010 = {
			isa = PBXGroup;
			children = (
				3F86E76A1F5F8C9100DF9010 /* Calculator */,
				3F86E77F1F5F8C9100DF9010 /* CalculatorTests */,
				3F86E78A1F5F8C9100DF9010 /* CalculatorUITests */,
				3F86E7691F5F8C9100DF9010 /* Products */,
			);
			sourceTree = "<group>";
		};
		3F86E7691F5F8C9100DF9010 /* Products */ = {
			isa = PBXGroup;
			children = (
				3F86E7681F5F8C9100DF9010 /* Calculator.app */,
				3F86E77C1F5F8C9100DF9010 /* CalculatorTests.xctest */,
				3F86E7871F5F8C9100DF9010 /* CalculatorUITests.xctest */,
			);
			name = Products;
			sourceTree = "<group>";
		};
		3F86E76A1F5F8C9100DF9010 /* Calculator */ = {
			isa = PBXGroup;
			children = (
				3F86E76B1F5F8C9100DF9010 /* AppDelegate.swift */,
				3F86E76D1F5F8C9100DF9010 /* ViewController.swift */,
				3F86E76F1F5F8C9100DF9010 /* Main.storyboard */,
				3F924F8E1F60A80300066019 /* CalculatorBrain.swift */,
				3F86E7721F5F8C9100DF9010 /* Assets.xcassets */,
				3F86E7741F5F8C9100DF9010 /* LaunchScreen.storyboard */,
				3F86E7771F5F8C9100DF9010 /* Info.plist */,
			);
			path = Calculator;
			sourceTree = "<group>";
		};
		3F86E77F1F5F8C9100DF9010 /* CalculatorTests */ = {
			isa = PBXGroup;
			children = (
				3F86E7801F5F8C9100DF9010 /* CalculatorTests.swift */,
				3F86E7821F5F8C9100DF9010 /* Info.plist */,
			);
			path = CalculatorTests;
			sourceTree = "<group>";
		};
		3F86E78A1F5F8C9100DF9010 /* CalculatorUITests */ = {
			isa = PBXGroup;
			children = (
				3F86E78B1F5F8C9100DF9010 /* CalculatorUITests.swift */,
				3F86E78D1F5F8C9100DF9010 /* Info.plist */,
			);
			path = CalculatorUITests;
			sourceTree = "<group>";
		};
/* End PBXGroup section */

/* Begin PBXNativeTarget section */
		3F86E7671F5F8C9100DF9010 /* Calculator */ = {
			isa = PBXNativeTarget;
			buildConfigurationList = 3F86E7901F5F8C9100DF9010 /* Build configuration list for PBXNativeTarget "Calculator" */;
			buildPhases = (
				3F86E7641F5F8C9100DF9010 /* Sources */,
				3F86E7651F5F8C9100DF9010 /* Frameworks */,
				3F86E7661F5F8C9100DF9010 /* Resources */,
			);
			buildRules = (
			);
			dependencies = (
			);
			name = Calculator;
			productName = Calculator;
			productReference = 3F86E7681F5F8C9100DF9010 /* Calculator.app */;
			productType = "com.apple.product-type.application";
		};
		3F86E77B1F5F8C9100DF9010 /* CalculatorTests */ = {
			isa = PBXNativeTarget;
			buildConfigurationList = 3F86E7931F5F8C9100DF9010 /* Build configuration list for PBXNativeTarget "CalculatorTests" */;
			buildPhases = (
				3F86E7781F5F8C9100DF9010 /* Sources */,
				3F86E7791F5F8C9100DF9010 /* Frameworks */,
				3F86E77A1F5F8C9100DF9010 /* Resources */,
			);
			buildRules = (
			);
			dependencies = (
				3F86E77E1F5F8C9100DF9010 /* PBXTargetDependency */,
			);
			name = CalculatorTests;
			productName = CalculatorTests;
			productReference = 3F86E77C1F5F8C9100DF9010 /* CalculatorTests.xctest */;
			productType = "com.apple.product-type.bundle.unit-test";
		};
		3F86E7861F5F8C9100DF9010 /* CalculatorUITests */ = {
			isa = PBXNativeTarget;
			buildConfigurationList = 3F86E7961F5F8C9100DF9010 /* Build configuration list for PBXNativeTarget "CalculatorUITests" */;
			buildPhases = (
				3F86E7831F5F8C9100DF9010 /* Sources */,
				3F86E7841F5F8C9100DF9010 /* Frameworks */,
				3F86E7851F5F8C9100DF9010 /* Resources */,
			);
			buildRules = (
			);
			dependencies = (
				3F86E7891F5F8C9100DF9010 /* PBXTargetDependency */,
			);
			name = CalculatorUITests;
			productName = CalculatorUITests;
			productReference = 3F86E7871F5F8C9100DF9010 /* CalculatorUITests.xctest */;
			productType = "com.apple.product-type.bundle.ui-testing";
		};
/* End PBXNativeTarget section */

/* Begin PBXProject section */
		3F86E7601F5F8C9100DF9010 /* Project object */ = {
			isa = PBXProject;
			attributes = {
				LastSwiftUpdateCheck = 0830;
				LastUpgradeCheck = 0830;
				ORGANIZATIONNAME = Student;
				TargetAttributes = {
					3F86E7671F5F8C9100DF9010 = {
						CreatedOnToolsVersion = 8.3.3;
						DevelopmentTeam = 6WA6Y7KBQJ;
						ProvisioningStyle = Automatic;
					};
					3F86E77B1F5F8C9100DF9010 = {
						CreatedOnToolsVersion = 8.3.3;
						DevelopmentTeam = 6WA6Y7KBQJ;
						ProvisioningStyle = Automatic;
						TestTargetID = 3F86E7671F5F8C9100DF9010;
					};
					3F86E7861F5F8C9100DF9010 = {
						CreatedOnToolsVersion = 8.3.3;
						DevelopmentTeam = 6WA6Y7KBQJ;
						ProvisioningStyle = Automatic;
						TestTargetID = 3F86E7671F5F8C9100DF9010;
					};
				};
			};
			buildConfigurationList = 3F86E7631F5F8C9100DF9010 /* Build configuration list for PBXProject "Calculator" */;
			compatibilityVersion = "Xcode 3.2";
			developmentRegion = English;
			hasScannedForEncodings = 0;
			knownRegions = (
				en,
				Base,
			);
			mainGroup = 3F86E75F1F5F8C9100DF9010;
			productRefGroup = 3F86E7691F5F8C9100DF9010 /* Products */;
			projectDirPath = "";
			projectRoot = "";
			targets = (
				3F86E7671F5F8C9100DF9010 /* Calculator */,
				3F86E77B1F5F8C9100DF9010 /* CalculatorTests */,
				3F86E7861F5F8C9100DF9010 /* CalculatorUITests */,
			);
		};
/* End PBXProject section */

/* Begin PBXResourcesBuildPhase section */
		3F86E7661F5F8C9100DF9010 /* Resources */ = {
			isa = PBXResourcesBuildPhase;
			buildActionMask = 2147483647;
			files = (
				3F86E7761F5F8C9100DF9010 /* LaunchScreen.storyboard in Resources */,
				3F86E7731F5F8C9100DF9010 /* Assets.xcassets in Resources */,
				3F86E7711F5F8C9100DF9010 /* Main.storyboard in Resources */,
			);
			runOnlyForDeploymentPostprocessing = 0;
		};
		3F86E77A1F5F8C9100DF9010 /* Resources */ = {
			isa = PBXResourcesBuildPhase;
			buildActionMask = 2147483647;
			files = (
			);
			runOnlyForDeploymentPostprocessing = 0;
		};
		3F86E7851F5F8C9100DF9010 /* Resources */ = {
			isa = PBXResourcesBuildPhase;
			buildActionMask = 2147483647;
			files = (
			);
			runOnlyForDeploymentPostprocessing = 0;
		};
/* End PBXResourcesBuildPhase section */

/* Begin PBXSourcesBuildPhase section */
		3F86E7641F5F8C9100DF9010 /* Sources */ = {
			isa = PBXSourcesBuildPhase;
			buildActionMask = 2147483647;
			files = (
				3F924F8F1F60A80300066019 /* CalculatorBrain.swift in Sources */,
				3F86E76E1F5F8C9100DF9010 /* ViewController.swift in Sources */,
				3F86E76C1F5F8C9100DF9010 /* AppDelegate.swift in Sources */,
			);
			runOnlyForDeploymentPostprocessing = 0;
		};
		3F86E7781F5F8C9100DF9010 /* Sources */ = {
			isa = PBXSourcesBuildPhase;
			buildActionMask = 2147483647;
			files = (
				3F86E7811F5F8C9100DF9010 /* CalculatorTests.swift in Sources */,
			);
			runOnlyForDeploymentPostprocessing = 0;
		};
		3F86E7831F5F8C9100DF9010 /* Sources */ = {
			isa = PBXSourcesBuildPhase;
			buildActionMask = 2147483647;
			files = (
				3F86E78C1F5F8C9100DF9010 /* CalculatorUITests.swift in Sources */,
			);
			runOnlyForDeploymentPostprocessing = 0;
		};
/* End PBXSourcesBuildPhase section */

/* Begin PBXTargetDependency section */
		3F86E77E1F5F8C9100DF9010 /* PBXTargetDependency */ = {
			isa = PBXTargetDependency;
			target = 3F86E7671F5F8C9100DF9010 /* Calculator */;
			targetProxy = 3F86E77D1F5F8C9100DF9010 /* PBXContainerItemProxy */;
		};
		3F86E7891F5F8C9100DF9010 /* PBXTargetDependency */ = {
			isa = PBXTargetDependency;
			target = 3F86E7671F5F8C9100DF9010 /* Calculator */;
			targetProxy = 3F86E7881F5F8C9100DF9010 /* PBXContainerItemProxy */;
		};
/* End PBXTargetDependency section */

/* Begin PBXVariantGroup section */
		3F86E76F1F5F8C9100DF9010 /* Main.storyboard */ = {
			isa = PBXVariantGroup;
			children = (
				3F86E7701F5F8C9100DF9010 /* Base */,
			);
			name = Main.storyboard;
			sourceTree = "<group>";
		};
		3F86E7741F5F8C9100DF9010 /* LaunchScreen.storyboard */ = {
			isa = PBXVariantGroup;
			children = (
				3F86E7751F5F8C9100DF9010 /* Base */,
			);
			name = LaunchScreen.storyboard;
			sourceTree = "<group>";
		};
/* End PBXVariantGroup section */

/* Begin XCBuildConfiguration section */
		3F86E78E1F5F8C9100DF9010 /* Debug */ = {
			isa = XCBuildConfiguration;
			buildSettings = {
				ALWAYS_SEARCH_USER_PATHS = NO;
				CLANG_ANALYZER_NONNULL = YES;
				CLANG_ANALYZER_NUMBER_OBJECT_CONVERSION = YES_AGGRESSIVE;
				CLANG_CXX_LANGUAGE_STANDARD = "gnu++0x";
				CLANG_CXX_LIBRARY = "libc++";
				CLANG_ENABLE_MODULES = YES;
				CLANG_ENABLE_OBJC_ARC = YES;
				CLANG_WARN_BOOL_CONVERSION = YES;
				CLANG_WARN_CONSTANT_CONVERSION = YES;
				CLANG_WARN_DIRECT_OBJC_ISA_USAGE = YES_ERROR;
				CLANG_WARN_DOCUMENTATION_COMMENTS = YES;
				CLANG_WARN_EMPTY_BODY = YES;
				CLANG_WARN_ENUM_CONVERSION = YES;
				CLANG_WARN_INFINITE_RECURSION = YES;
				CLANG_WARN_INT_CONVERSION = YES;
				CLANG_WARN_OBJC_ROOT_CLASS = YES_ERROR;
				CLANG_WARN_SUSPICIOUS_MOVE = YES;
				CLANG_WARN_UNREACHABLE_CODE = YES;
				CLANG_WARN__DUPLICATE_METHOD_MATCH = YES;
				"CODE_SIGN_IDENTITY[sdk=iphoneos*]" = "iPhone Developer";
				COPY_PHASE_STRIP = NO;
				DEBUG_INFORMATION_FORMAT = dwarf;
				ENABLE_STRICT_OBJC_MSGSEND = YES;
				ENABLE_TESTABILITY = YES;
				GCC_C_LANGUAGE_STANDARD = gnu99;
				GCC_DYNAMIC_NO_PIC = NO;
				GCC_NO_COMMON_BLOCKS = YES;
				GCC_OPTIMIZATION_LEVEL = 0;
				GCC_PREPROCESSOR_DEFINITIONS = (
					"DEBUG=1",
					"$(inherited)",
				);
				GCC_WARN_64_TO_32_BIT_CONVERSION = YES;
				GCC_WARN_ABOUT_RETURN_TYPE = YES_ERROR;
				GCC_WARN_UNDECLARED_SELECTOR = YES;
				GCC_WARN_UNINITIALIZED_AUTOS = YES_AGGRESSIVE;
				GCC_WARN_UNUSED_FUNCTION = YES;
				GCC_WARN_UNUSED_VARIABLE = YES;
				IPHONEOS_DEPLOYMENT_TARGET = 10.3;
				MTL_ENABLE_DEBUG_INFO = YES;
				ONLY_ACTIVE_ARCH = YES;
				SDKROOT = iphoneos;
				SWIFT_ACTIVE_COMPILATION_CONDITIONS = DEBUG;
				SWIFT_OPTIMIZATION_LEVEL = "-Onone";
				TARGETED_DEVICE_FAMILY = "1,2";
			};
			name = Debug;
		};
		3F86E78F1F5F8C9100DF9010 /* Release */ = {
			isa = XCBuildConfiguration;
			buildSettings = {
				ALWAYS_SEARCH_USER_PATHS = NO;
				CLANG_ANALYZER_NONNULL = YES;
				CLANG_ANALYZER_NUMBER_OBJECT_CONVERSION = YES_AGGRESSIVE;
				CLANG_CXX_LANGUAGE_STANDARD = "gnu++0x";
				CLANG_CXX_LIBRARY = "libc++";
				CLANG_ENABLE_MODULES = YES;
				CLANG_ENABLE_OBJC_ARC = YES;
				CLANG_WARN_BOOL_CONVERSION = YES;
				CLANG_WARN_CONSTANT_CONVERSION = YES;
				CLANG_WARN_DIRECT_OBJC_ISA_USAGE = YES_ERROR;
				CLANG_WARN_DOCUMENTATION_COMMENTS = YES;
				CLANG_WARN_EMPTY_BODY = YES;
				CLANG_WARN_ENUM_CONVERSION = YES;
				CLANG_WARN_INFINITE_RECURSION = YES;
				CLANG_WARN_INT_CONVERSION = YES;
				CLANG_WARN_OBJC_ROOT_CLASS = YES_ERROR;
				CLANG_WARN_SUSPICIOUS_MOVE = YES;
				CLANG_WARN_UNREACHABLE_CODE = YES;
				CLANG_WARN__DUPLICATE_METHOD_MATCH = YES;
				"CODE_SIGN_IDENTITY[sdk=iphoneos*]" = "iPhone Developer";
				COPY_PHASE_STRIP = NO;
				DEBUG_INFORMATION_FORMAT = "dwarf-with-dsym";
				ENABLE_NS_ASSERTIONS = NO;
				ENABLE_STRICT_OBJC_MSGSEND = YES;
				GCC_C_LANGUAGE_STANDARD = gnu99;
				GCC_NO_COMMON_BLOCKS = YES;
				GCC_WARN_64_TO_32_BIT_CONVERSION = YES;
				GCC_WARN_ABOUT_RETURN_TYPE = YES_ERROR;
				GCC_WARN_UNDECLARED_SELECTOR = YES;
				GCC_WARN_UNINITIALIZED_AUTOS = YES_AGGRESSIVE;
				GCC_WARN_UNUSED_FUNCTION = YES;
				GCC_WARN_UNUSED_VARIABLE = YES;
				IPHONEOS_DEPLOYMENT_TARGET = 10.3;
				MTL_ENABLE_DEBUG_INFO = NO;
				SDKROOT = iphoneos;
				SWIFT_OPTIMIZATION_LEVEL = "-Owholemodule";
				TARGETED_DEVICE_FAMILY = "1,2";
				VALIDATE_PRODUCT = YES;
			};
			name = Release;
		};
		3F86E7911F5F8C9100DF9010 /* Debug */ = {
			isa = XCBuildConfiguration;
			buildSettings = {
				ASSETCATALOG_COMPILER_APPICON_NAME = AppIcon;
				DEVELOPMENT_TEAM = 6WA6Y7KBQJ;
				INFOPLIST_FILE = Calculator/Info.plist;
				LD_RUNPATH_SEARCH_PATHS = "$(inherited) @executable_path/Frameworks";
				PRODUCT_BUNDLE_IDENTIFIER = ahmiliotech.Calculator;
				PRODUCT_NAME = "$(TARGET_NAME)";
				SWIFT_VERSION = 3.0;
			};
			name = Debug;
		};
		3F86E7921F5F8C9100DF9010 /* Release */ = {
			isa = XCBuildConfiguration;
			buildSettings = {
				ASSETCATALOG_COMPILER_APPICON_NAME = AppIcon;
				DEVELOPMENT_TEAM = 6WA6Y7KBQJ;
				INFOPLIST_FILE = Calculator/Info.plist;
				LD_RUNPATH_SEARCH_PATHS = "$(inherited) @executable_path/Frameworks";
				PRODUCT_BUNDLE_IDENTIFIER = ahmiliotech.Calculator;
				PRODUCT_NAME = "$(TARGET_NAME)";
				SWIFT_VERSION = 3.0;
			};
			name = Release;
		};
		3F86E7941F5F8C9100DF9010 /* Debug */ = {
			isa = XCBuildConfiguration;
			buildSettings = {
				ALWAYS_EMBED_SWIFT_STANDARD_LIBRARIES = YES;
				BUNDLE_LOADER = "$(TEST_HOST)";
				DEVELOPMENT_TEAM = 6WA6Y7KBQJ;
				INFOPLIST_FILE = CalculatorTests/Info.plist;
				LD_RUNPATH_SEARCH_PATHS = "$(inherited) @executable_path/Frameworks @loader_path/Frameworks";
				PRODUCT_BUNDLE_IDENTIFIER = ahmiliotech.CalculatorTests;
				PRODUCT_NAME = "$(TARGET_NAME)";
				SWIFT_VERSION = 3.0;
				TEST_HOST = "$(BUILT_PRODUCTS_DIR)/Calculator.app/Calculator";
			};
			name = Debug;
		};
		3F86E7951F5F8C9100DF9010 /* Release */ = {
			isa = XCBuildConfiguration;
			buildSettings = {
				ALWAYS_EMBED_SWIFT_STANDARD_LIBRARIES = YES;
				BUNDLE_LOADER = "$(TEST_HOST)";
				DEVELOPMENT_TEAM = 6WA6Y7KBQJ;
				INFOPLIST_FILE = CalculatorTests/Info.plist;
				LD_RUNPATH_SEARCH_PATHS = "$(inherited) @executable_path/Frameworks @loader_path/Frameworks";
				PRODUCT_BUNDLE_IDENTIFIER = ahmiliotech.CalculatorTests;
				PRODUCT_NAME = "$(TARGET_NAME)";
				SWIFT_VERSION = 3.0;
				TEST_HOST = "$(BUILT_PRODUCTS_DIR)/Calculator.app/Calculator";
			};
			name = Release;
		};
		3F86E7971F5F8C9100DF9010 /* Debug */ = {
			isa = XCBuildConfiguration;
			buildSettings = {
				ALWAYS_EMBED_SWIFT_STANDARD_LIBRARIES = YES;
				DEVELOPMENT_TEAM = 6WA6Y7KBQJ;
				INFOPLIST_FILE = CalculatorUITests/Info.plist;
				LD_RUNPATH_SEARCH_PATHS = "$(inherited) @executable_path/Frameworks @loader_path/Frameworks";
				PRODUCT_BUNDLE_IDENTIFIER = ahmiliotech.CalculatorUITests;
				PRODUCT_NAME = "$(TARGET_NAME)";
				SWIFT_VERSION = 3.0;
				TEST_TARGET_NAME = Calculator;
			};
			name = Debug;
		};
		3F86E7981F5F8C9100DF9010 /* Release */ = {
			isa = XCBuildConfiguration;
			buildSettings = {
				ALWAYS_EMBED_SWIFT_STANDARD_LIBRARIES = YES;
				DEVELOPMENT_TEAM = 6WA6Y7KBQJ;
				INFOPLIST_FILE = CalculatorUITests/Info.plist;
				LD_RUNPATH_SEARCH_PATHS = "$(inherited) @executable_path/Frameworks @loader_path/Frameworks";
				PRODUCT_BUNDLE_IDENTIFIER = ahmiliotech.CalculatorUITests;
				PRODUCT_NAME = "$(TARGET_NAME)";
				SWIFT_VERSION = 3.0;
				TEST_TARGET_NAME = Calculator;
			};
			name = Release;
		};
/* End XCBuildConfiguration section */

/* Begin XCConfigurationList section */
		3F86E7631F5F8C9100DF9010 /* Build configuration list for PBXProject "Calculator" */ = {
			isa = XCConfigurationList;
			buildConfigurations = (
				3F86E78E1F5F8C9100DF9010 /* Debug */,
				3F86E78F1F5F8C9100DF9010 /* Release */,
			);
			defaultConfigurationIsVisible = 0;
			defaultConfigurationName = Release;
		};
		3F86E7901F5F8C9100DF9010 /* Build configuration list for PBXNativeTarget "Calculator" */ = {
			isa = XCConfigurationList;
			buildConfigurations = (
				3F86E7911F5F8C9100DF9010 /* Debug */,
				3F86E7921F5F8C9100DF9010 /* Release */,
			);
			defaultConfigurationIsVisible = 0;
			defaultConfigurationName = Release;
		};
		3F86E7931F5F8C9100DF9010 /* Build configuration list for PBXNativeTarget "CalculatorTests" */ = {
			isa = XCConfigurationList;
			buildConfigurations = (
				3F86E7941F5F8C9100DF9010 /* Debug */,
				3F86E7951F5F8C9100DF9010 /* Release */,
			);
			defaultConfigurationIsVisible = 0;
			defaultConfigurationName = Release;
		};
		3F86E7961F5F8C9100DF9010 /* Build configuration list for PBXNativeTarget "CalculatorUITests" */ = {
			isa = XCConfigurationList;
			buildConfigurations = (
				3F86E7971F5F8C9100DF9010 /* Debug */,
				3F86E7981F5F8C9100DF9010 /* Release */,
			);
			defaultConfigurationIsVisible = 0;
			defaultConfigurationName = Release;
		};
/* End XCConfigurationList section */
	};
	rootObject = 3F86E7601F5F8C9100DF9010 /* Project object */;
}
